{
  "version": "5",
  "specifiers": {
    "jsr:@studiowebux/xorshift32@*": "0.1.1",
    "npm:graphology@0.26.0": "0.26.0_graphology-types@0.24.8"
  },
  "jsr": {
    "@studiowebux/xorshift32@0.1.1": {
      "integrity": "fad128feea4a34b8b68d1ec2877f8cfa3f4668e940d99e65ad533c397e7cfc4d"
    }
  },
  "npm": {
    "events@3.3.0": {
      "integrity": "sha512-mQw+2fkQbALzQ7V0MY0IqdnXNOeTtP4r0lN9z7AAawCXgqea7bDii20AYrIBrFd/Hx0M2Ocz6S111CaFkUcb0Q=="
    },
    "graphology-types@0.24.8": {
      "integrity": "sha512-hDRKYXa8TsoZHjgEaysSRyPdT6uB78Ci8WnjgbStlQysz7xR52PInxNsmnB7IBOM1BhikxkNyCVEFgmPKnpx3Q=="
    },
    "graphology@0.26.0_graphology-types@0.24.8": {
      "integrity": "sha512-8SSImzgUUYC89Z042s+0r/vMibY7GX/Emz4LDO5e7jYXhuoWfHISPFJYjpRLUSJGq6UQ6xlenvX1p/hJdfXuXg==",
      "dependencies": [
        "events",
        "graphology-types"
      ]
    }
  },
  "workspace": {
    "dependencies": [
      "npm:graphology@0.26.0"
    ]
  }
}
